
Microsoft Visual Studio Solution File, Format Version 12.00
Project("{FAE04EC0-301F-11D3-BF4B-00C04F79EFBC}") = "OrToolsBugDemo", "OrToolsBugDemo\OrToolsBugDemo.csproj", "{0E0A2D9D-A5F4-46BF-8998-550BEA28A4DA}"
EndProject
Global
	GlobalSection(SolutionConfigurationPlatforms) = preSolution
		Debug|Any CPU = Debug|Any CPU
		Release|Any CPU = Release|Any CPU
	EndGlobalSection
	GlobalSection(ProjectConfigurationPlatforms) = postSolution
		{0E0A2D9D-A5F4-46BF-8998-550BEA28A4DA}.Debug|Any CPU.ActiveCfg = Debug|Any CPU
		{0E0A2D9D-A5F4-46BF-8998-550BEA28A4DA}.Debug|Any CPU.Build.0 = Debug|Any CPU
		{0E0A2D9D-A5F4-46BF-8998-550BEA28A4DA}.Release|Any CPU.ActiveCfg = Release|Any CPU
		{0E0A2D9D-A5F4-46BF-8998-550BEA28A4DA}.Release|Any CPU.Build.0 = Release|Any CPU
	EndGlobalSection
EndGlobal
